
Microsoft Visual Studio Solution File, Format Version 12.00
# Visual Studio 15
VisualStudioVersion = 15.0.26730.16
MinimumVisualStudioVersion = 10.0.40219.1
Project("{9A19103F-16F7-4668-BE54-9A1E7A4F7556}") = "FourWallpapers", "FourWallpapers\FourWallpapers.csproj", "{9BC515F5-2AD5-49D5-822C-79677E31DBC6}"
EndProject
Project("{9A19103F-16F7-4668-BE54-9A1E7A4F7556}") = "FourWallpapers.Core", "FourWallpapers.Core\FourWallpapers.Core.csproj", "{F75BD2E7-A4F4-4FB9-8313-A112ED28F64C}"
EndProject
Project("{9A19103F-16F7-4668-BE54-9A1E7A4F7556}") = "FourWallpapers.Models", "FourWallpapers.Models\FourWallpapers.Models.csproj", "{7239B2EC-B6F1-494E-BCDB-F73716D248C2}"
EndProject
Project("{9A19103F-16F7-4668-BE54-9A1E7A4F7556}") = "FourWallpapers.Scrapper", "FourWallpapers.Scrapper\FourWallpapers.Scrapper.csproj", "{3EC59A0A-6A7F-44F2-BC65-CA3A1648BD5D}"
EndProject
Project("{9A19103F-16F7-4668-BE54-9A1E7A4F7556}") = "FourWallpapers.Scrapper.CLI", "FourWallpapers.Scrapper.CLI\FourWallpapers.Scrapper.CLI.csproj", "{EE41760F-FB4C-498F-967E-8D29ADDAC157}"
EndProject
Project("{9A19103F-16F7-4668-BE54-9A1E7A4F7556}") = "FourWallpapers.Repositories.SqlServer", "FourWallpapers.Repositories.SqlServer\FourWallpapers.Repositories.SqlServer.csproj", "{6D2B2B2A-A30C-4996-87AF-E5E57DE1F27B}"
EndProject
Project("{9A19103F-16F7-4668-BE54-9A1E7A4F7556}") = "FourWallpapers.Repositories.SqlServer.Tests", "FourWallpapers.Repositories.SqlServer.Tests\FourWallpapers.Repositories.SqlServer.Tests.csproj", "{D524D162-1482-4F39-935D-D11E955F0D57}"
EndProject
Global
	GlobalSection(SolutionConfigurationPlatforms) = preSolution
		Debug|Any CPU = Debug|Any CPU
		Release|Any CPU = Release|Any CPU
	EndGlobalSection
	GlobalSection(ProjectConfigurationPlatforms) = postSolution
		{9BC515F5-2AD5-49D5-822C-79677E31DBC6}.Debug|Any CPU.ActiveCfg = Debug|Any CPU
		{9BC515F5-2AD5-49D5-822C-79677E31DBC6}.Debug|Any CPU.Build.0 = Debug|Any CPU
		{9BC515F5-2AD5-49D5-822C-79677E31DBC6}.Release|Any CPU.ActiveCfg = Release|Any CPU
		{9BC515F5-2AD5-49D5-822C-79677E31DBC6}.Release|Any CPU.Build.0 = Release|Any CPU
		{F75BD2E7-A4F4-4FB9-8313-A112ED28F64C}.Debug|Any CPU.ActiveCfg = Debug|Any CPU
		{F75BD2E7-A4F4-4FB9-8313-A112ED28F64C}.Debug|Any CPU.Build.0 = Debug|Any CPU
		{F75BD2E7-A4F4-4FB9-8313-A112ED28F64C}.Release|Any CPU.ActiveCfg = Release|Any CPU
		{F75BD2E7-A4F4-4FB9-8313-A112ED28F64C}.Release|Any CPU.Build.0 = Release|Any CPU
		{7239B2EC-B6F1-494E-BCDB-F73716D248C2}.Debug|Any CPU.ActiveCfg = Debug|Any CPU
		{7239B2EC-B6F1-494E-BCDB-F73716D248C2}.Debug|Any CPU.Build.0 = Debug|Any CPU
		{7239B2EC-B6F1-494E-BCDB-F73716D248C2}.Release|Any CPU.ActiveCfg = Release|Any CPU
		{7239B2EC-B6F1-494E-BCDB-F73716D248C2}.Release|Any CPU.Build.0 = Release|Any CPU
		{3EC59A0A-6A7F-44F2-BC65-CA3A1648BD5D}.Debug|Any CPU.ActiveCfg = Debug|Any CPU
		{3EC59A0A-6A7F-44F2-BC65-CA3A1648BD5D}.Debug|Any CPU.Build.0 = Debug|Any CPU
		{3EC59A0A-6A7F-44F2-BC65-CA3A1648BD5D}.Release|Any CPU.ActiveCfg = Release|Any CPU
		{3EC59A0A-6A7F-44F2-BC65-CA3A1648BD5D}.Release|Any CPU.Build.0 = Release|Any CPU
		{EE41760F-FB4C-498F-967E-8D29ADDAC157}.Debug|Any CPU.ActiveCfg = Debug|Any CPU
		{EE41760F-FB4C-498F-967E-8D29ADDAC157}.Debug|Any CPU.Build.0 = Debug|Any CPU
		{EE41760F-FB4C-498F-967E-8D29ADDAC157}.Release|Any CPU.ActiveCfg = Release|Any CPU
		{EE41760F-FB4C-498F-967E-8D29ADDAC157}.Release|Any CPU.Build.0 = Release|Any CPU
		{6D2B2B2A-A30C-4996-87AF-E5E57DE1F27B}.Debug|Any CPU.ActiveCfg = Debug|Any CPU
		{6D2B2B2A-A30C-4996-87AF-E5E57DE1F27B}.Debug|Any CPU.Build.0 = Debug|Any CPU
		{6D2B2B2A-A30C-4996-87AF-E5E57DE1F27B}.Release|Any CPU.ActiveCfg = Release|Any CPU
		{6D2B2B2A-A30C-4996-87AF-E5E57DE1F27B}.Release|Any CPU.Build.0 = Release|Any CPU
		{D524D162-1482-4F39-935D-D11E955F0D57}.Debug|Any CPU.ActiveCfg = Debug|Any CPU
		{D524D162-1482-4F39-935D-D11E955F0D57}.Debug|Any CPU.Build.0 = Debug|Any CPU
		{D524D162-1482-4F39-935D-D11E955F0D57}.Release|Any CPU.ActiveCfg = Release|Any CPU
		{D524D162-1482-4F39-935D-D11E955F0D57}.Release|Any CPU.Build.0 = Release|Any CPU
	EndGlobalSection
	GlobalSection(SolutionProperties) = preSolution
		HideSolutionNode = FALSE
	EndGlobalSection
	GlobalSection(ExtensibilityGlobals) = postSolution
		SolutionGuid = {858BF668-39FC-4ACF-8077-F3C96DC9A205}
	EndGlobalSection
EndGlobal
